
Microsoft Visual Studio Solution File, Format Version 12.00
# Visual Studio Version 17
VisualStudioVersion = 17.1.32328.378
MinimumVisualStudioVersion = 10.0.40219.1
Project("{9A19103F-16F7-4668-BE54-9A1E7A4F7556}") = "Univ_WebSite_Razor_Core_Login5", "Univ_WebSite_Razor_Core_Login5\Univ_WebSite_Razor_Core_Login5.csproj", "{01D7EE6F-8FAF-479D-9FBE-35363896DE39}"
EndProject
Global
	GlobalSection(SolutionConfigurationPlatforms) = preSolution
		Debug|Any CPU = Debug|Any CPU
		Release|Any CPU = Release|Any CPU
	EndGlobalSection
	GlobalSection(ProjectConfigurationPlatforms) = postSolution
		{01D7EE6F-8FAF-479D-9FBE-35363896DE39}.Debug|Any CPU.ActiveCfg = Debug|Any CPU
		{01D7EE6F-8FAF-479D-9FBE-35363896DE39}.Debug|Any CPU.Build.0 = Debug|Any CPU
		{01D7EE6F-8FAF-479D-9FBE-35363896DE39}.Release|Any CPU.ActiveCfg = Release|Any CPU
		{01D7EE6F-8FAF-479D-9FBE-35363896DE39}.Release|Any CPU.Build.0 = Release|Any CPU
	EndGlobalSection
	GlobalSection(SolutionProperties) = preSolution
		HideSolutionNode = FALSE
	EndGlobalSection
	GlobalSection(ExtensibilityGlobals) = postSolution
		SolutionGuid = {A2EE92BE-AB78-4AC0-BA7F-FF01E14FD517}
	EndGlobalSection
EndGlobal
